
Microsoft Visual Studio Solution File, Format Version 12.00
# Visual Studio Version 17
VisualStudioVersion = 17.10.34916.146
MinimumVisualStudioVersion = 10.0.40219.1
Project("{FAE04EC0-301F-11D3-BF4B-00C04F79EFBC}") = "AD-Week03", "AD-Week03.csproj", "{F6768011-B2A7-4532-9415-8EBEFB61AF08}"
EndProject
Global
	GlobalSection(SolutionConfigurationPlatforms) = preSolution
		Debug|Any CPU = Debug|Any CPU
		Release|Any CPU = Release|Any CPU
	EndGlobalSection
	GlobalSection(ProjectConfigurationPlatforms) = postSolution
		{F6768011-B2A7-4532-9415-8EBEFB61AF08}.Debug|Any CPU.ActiveCfg = Debug|Any CPU
		{F6768011-B2A7-4532-9415-8EBEFB61AF08}.Debug|Any CPU.Build.0 = Debug|Any CPU
		{F6768011-B2A7-4532-9415-8EBEFB61AF08}.Release|Any CPU.ActiveCfg = Release|Any CPU
		{F6768011-B2A7-4532-9415-8EBEFB61AF08}.Release|Any CPU.Build.0 = Release|Any CPU
	EndGlobalSection
	GlobalSection(SolutionProperties) = preSolution
		HideSolutionNode = FALSE
	EndGlobalSection
	GlobalSection(ExtensibilityGlobals) = postSolution
		SolutionGuid = {01A2EA0A-4EA1-4510-84C7-723912D3200E}
	EndGlobalSection
EndGlobal
